schema: '2.0'
stages:
  data_ingestion:
    cmd: python src/datas/data_ingestion.py
    deps:
    - path: src/datas/data_ingestion.py
      hash: md5
      md5: 557c3f98dc59f0c497266e021733b2b4
      size: 3453
    params:
      params.yaml:
        data_ingestion.test_size: 0.17
    outs:
    - path: data/raw
      hash: md5
      md5: b59e01faffe41263049b03c42c82a039.dir
      size: 827973
      nfiles: 2
  data_preprocessing:
    cmd: python src/datas/data_preprocessing.py
    deps:
    - path: data/raw
      hash: md5
      md5: b59e01faffe41263049b03c42c82a039.dir
      size: 827973
      nfiles: 2
    - path: src/datas/data_preprocessing.py
      hash: md5
      md5: ae794ab58ac4546d1868aac20406513d
      size: 6610
    outs:
    - path: data/interim
      hash: md5
      md5: 8ed5cd630226c1ba6f9825181d46fadd.dir
      size: 547198
      nfiles: 2
  feature_engineering:
    cmd: python src/features/feature_engineering.py
    deps:
    - path: data/interim
      hash: md5
      md5: 8ed5cd630226c1ba6f9825181d46fadd.dir
      size: 547198
      nfiles: 2
    - path: src/features/feature_engineering.py
      hash: md5
      md5: 6bae9b41e54b718f0bb16f30a25ae29e
      size: 7050
    outs:
    - path: data/processed
      hash: md5
      md5: 88df1af5ae3dfb7b3b1a165dffcdcbfa.dir
      size: 208485898
      nfiles: 2
    - path: models/vectorizer.pkl
      hash: md5
      md5: 67260d674257ee569f657bae238fbeec
      size: 182211
  model_building:
    cmd: python src/model/model_building.py
    deps:
    - path: data/processed
      hash: md5
      md5: 88df1af5ae3dfb7b3b1a165dffcdcbfa.dir
      size: 208485898
      nfiles: 2
    - path: src/model/model_building.py
      hash: md5
      md5: bed9c421fa87ae74ea1311f814f447aa
      size: 2946
    params:
      params.yaml:
        model_building.n_estimators: 100
    outs:
    - path: models/model.pkl
      hash: md5
      md5: c25706954747318e9d68e144888b5bf7
      size: 74702
  model_evaluation:
    cmd: python src/model/model_evaluation.py
    deps:
    - path: data/processed
      hash: md5
      md5: 88df1af5ae3dfb7b3b1a165dffcdcbfa.dir
      size: 208485898
      nfiles: 2
    - path: models
      hash: md5
      md5: 1568f6ded56b3bdcae1e01fba2d19085.dir
      size: 256913
      nfiles: 2
    - path: src/model/model_evaluation.py
      hash: md5
      md5: ea02dd075ea86f3895de25a0e7452197
      size: 5994
    outs:
    - path: reports/metrics.json
      hash: md5
      md5: dfc204da8c0ba73af2482c877a48d7e2
      size: 168
  register_model:
    cmd: python src/model/register_model.py
    deps:
    - path: reports/model_info.json
      hash: md5
      md5: 43df2e0f89808e78546cdfd1931f83b5
      size: 95
    - path: src/model/register_model.py
      hash: md5
      md5: b693663b0f0dd743b54c7ac9ecbc0c06
      size: 3032
