schema: '2.0'
stages:
  data_ingestion:
    cmd: python src/datas/data_ingestion.py
    deps:
    - path: src/datas/data_ingestion.py
      hash: md5
      md5: a31e2055bc7187f3256e248fea8d170f
      size: 3459
    params:
      params.yaml:
        data_ingestion.test_size: 0.15
    outs:
    - path: data/raw
      hash: md5
      md5: a5cc60aaf9fd13d37d0adeaba3a5cd9f.dir
      size: 827973
      nfiles: 2
  data_preprocessing:
    cmd: python src/datas/data_preprocessing.py
    deps:
    - path: data/raw
      hash: md5
      md5: a5cc60aaf9fd13d37d0adeaba3a5cd9f.dir
      size: 827973
      nfiles: 2
    - path: src/datas/data_preprocessing.py
      hash: md5
      md5: b525c2d45986f1a0032fd754a66ddb27
      size: 5077
    outs:
    - path: data/interim
      hash: md5
      md5: b460c52833e083c5a8b73f68486614a2.dir
      size: 546428
      nfiles: 2
  feature_engineering:
    cmd: python src/features/feature_engineering.py
    deps:
    - path: data/interim
      hash: md5
      md5: b460c52833e083c5a8b73f68486614a2.dir
      size: 546428
      nfiles: 2
    - path: src/features/feature_engineering.py
      hash: md5
      md5: 8c4ae301405d28ff1d3284b8e9228750
      size: 5021
    outs:
    - path: data/processed
      hash: md5
      md5: bc03339302155231a92a39991ff6e69e.dir
      size: 208486746
      nfiles: 2
  model_building:
    cmd: python src/model/model_building.py
    deps:
    - path: data/processed
      hash: md5
      md5: bc03339302155231a92a39991ff6e69e.dir
      size: 208486746
      nfiles: 2
    - path: src/model/model_building.py
      hash: md5
      md5: 601e6c584a78bcc5de226f22f67cc821
      size: 2855
    params:
      params.yaml:
        model_building.n_estimators: 100
    outs:
    - path: models
      hash: md5
      md5: 3ee5e81f64c4f32af07b64d8cf69a270.dir
      size: 74702
      nfiles: 1
  model_evaluation:
    cmd: python src/model/model_evaluation.py
    deps:
    - path: data/processed
      hash: md5
      md5: bc03339302155231a92a39991ff6e69e.dir
      size: 208486746
      nfiles: 2
    - path: models
      hash: md5
      md5: 3ee5e81f64c4f32af07b64d8cf69a270.dir
      size: 74702
      nfiles: 1
    - path: src/model/model_evaluation.py
      hash: md5
      md5: 36b57a442ef063d9deef9b440785f6d8
      size: 5318
    outs:
    - path: reports/metrics.json
      hash: md5
      md5: 90f6ca0d9b48cf0a40a3414237a3f94c
      size: 169
  register_model:
    cmd: python src/model/register_model.py
    deps:
    - path: reports/model_info.json
      hash: md5
      md5: 80371e7915c28564a9cd12ee7be3488d
      size: 95
    - path: src/model/register_model.py
      hash: md5
      md5: df698b29ca714af9fdd94ff122581f61
      size: 2760
