schema: '2.0'
stages:
  data_ingestion:
    cmd: python src/datas/data_ingestion.py
    deps:
    - path: src/datas/data_ingestion.py
      hash: md5
      md5: 557c3f98dc59f0c497266e021733b2b4
      size: 3453
    params:
      params.yaml:
        data_ingestion.test_size: 0.27
    outs:
    - path: data/raw
      hash: md5
      md5: f432e7f47798e6d211f1c5933a0216a3.dir
      size: 827973
      nfiles: 2
  data_preprocessing:
    cmd: python src/datas/data_preprocessing.py
    deps:
    - path: data/raw
      hash: md5
      md5: f432e7f47798e6d211f1c5933a0216a3.dir
      size: 827973
      nfiles: 2
    - path: src/datas/data_preprocessing.py
      hash: md5
      md5: ae794ab58ac4546d1868aac20406513d
      size: 6610
    outs:
    - path: data/interim
      hash: md5
      md5: 1fd0ff19ee234f755b8b3d038daf7808.dir
      size: 547198
      nfiles: 2
  feature_engineering:
    cmd: python src/features/feature_engineering.py
    deps:
    - path: data/interim
      hash: md5
      md5: 1fd0ff19ee234f755b8b3d038daf7808.dir
      size: 547198
      nfiles: 2
    - path: src/features/feature_engineering.py
      hash: md5
      md5: 6bae9b41e54b718f0bb16f30a25ae29e
      size: 7050
    outs:
    - path: data/processed
      hash: md5
      md5: 4ec867a0e7d86f146c8deb6fcf83d5bc.dir
      size: 208478849
      nfiles: 2
    - path: models/vectorizer.pkl
      hash: md5
      md5: 346b3d7952f016f3794816cb8f66df6b
      size: 182694
  model_building:
    cmd: python src/model/model_building.py
    deps:
    - path: data/processed
      hash: md5
      md5: 4ec867a0e7d86f146c8deb6fcf83d5bc.dir
      size: 208478849
      nfiles: 2
    - path: src/model/model_building.py
      hash: md5
      md5: bed9c421fa87ae74ea1311f814f447aa
      size: 2946
    params:
      params.yaml:
        model_building.n_estimators: 100
    outs:
    - path: models/model.pkl
      hash: md5
      md5: 37fef5eb117eaa2e0d7c8e3f838e0348
      size: 74702
  model_evaluation:
    cmd: python src/model/model_evaluation.py
    deps:
    - path: data/processed
      hash: md5
      md5: 4ec867a0e7d86f146c8deb6fcf83d5bc.dir
      size: 208478849
      nfiles: 2
    - path: models
      hash: md5
      md5: 3be8b132ff8057ecc7b8b12243ea4321.dir
      size: 257396
      nfiles: 2
    - path: src/model/model_evaluation.py
      hash: md5
      md5: b1d0e8af952de36a1709cd3a2400b4d2
      size: 5904
    outs:
    - path: reports/metrics.json
      hash: md5
      md5: c6591f8b7310b3fc1538cf87121d7341
      size: 166
  register_model:
    cmd: python src/model/register_model.py
    deps:
    - path: reports/model_info.json
      hash: md5
      md5: 64c5403ae594e3b9631c194bc55d2b4e
      size: 95
    - path: src/model/register_model.py
      hash: md5
      md5: b693663b0f0dd743b54c7ac9ecbc0c06
      size: 3032
